
Microsoft Visual Studio Solution File, Format Version 12.00
# Visual Studio Version 17
VisualStudioVersion = 17.8.34330.188
MinimumVisualStudioVersion = 10.0.40219.1
Project("{9A19103F-16F7-4668-BE54-9A1E7A4F7556}") = "Willownet", "Willownet\Willownet.csproj", "{EE662BD3-0E93-49AB-9FCE-93AE20161087}"
EndProject
Project("{9A19103F-16F7-4668-BE54-9A1E7A4F7556}") = "Willowtest", "Willowtest\Willowtest.csproj", "{7A87DB08-5FE7-4F40-9137-77F37B13EFAD}"
EndProject
Project("{FAE04EC0-301F-11D3-BF4B-00C04F79EFBC}") = "WillownetUI", "WillownetUI\WillownetUI.csproj", "{8FC36723-2637-42D9-B4F8-EA2519553AFB}"
EndProject
Global
	GlobalSection(SolutionConfigurationPlatforms) = preSolution
		Debug|Any CPU = Debug|Any CPU
		Release|Any CPU = Release|Any CPU
	EndGlobalSection
	GlobalSection(ProjectConfigurationPlatforms) = postSolution
		{EE662BD3-0E93-49AB-9FCE-93AE20161087}.Debug|Any CPU.ActiveCfg = Debug|Any CPU
		{EE662BD3-0E93-49AB-9FCE-93AE20161087}.Debug|Any CPU.Build.0 = Debug|Any CPU
		{EE662BD3-0E93-49AB-9FCE-93AE20161087}.Release|Any CPU.ActiveCfg = Release|Any CPU
		{EE662BD3-0E93-49AB-9FCE-93AE20161087}.Release|Any CPU.Build.0 = Release|Any CPU
		{7A87DB08-5FE7-4F40-9137-77F37B13EFAD}.Debug|Any CPU.ActiveCfg = Debug|Any CPU
		{7A87DB08-5FE7-4F40-9137-77F37B13EFAD}.Debug|Any CPU.Build.0 = Debug|Any CPU
		{7A87DB08-5FE7-4F40-9137-77F37B13EFAD}.Release|Any CPU.ActiveCfg = Release|Any CPU
		{7A87DB08-5FE7-4F40-9137-77F37B13EFAD}.Release|Any CPU.Build.0 = Release|Any CPU
		{8FC36723-2637-42D9-B4F8-EA2519553AFB}.Debug|Any CPU.ActiveCfg = Debug|Any CPU
		{8FC36723-2637-42D9-B4F8-EA2519553AFB}.Debug|Any CPU.Build.0 = Debug|Any CPU
		{8FC36723-2637-42D9-B4F8-EA2519553AFB}.Release|Any CPU.ActiveCfg = Release|Any CPU
		{8FC36723-2637-42D9-B4F8-EA2519553AFB}.Release|Any CPU.Build.0 = Release|Any CPU
	EndGlobalSection
	GlobalSection(SolutionProperties) = preSolution
		HideSolutionNode = FALSE
	EndGlobalSection
	GlobalSection(ExtensibilityGlobals) = postSolution
		SolutionGuid = {1E0D86E3-DE45-41B1-80F0-970E1EA4B96A}
	EndGlobalSection
EndGlobal
